
Microsoft Visual Studio Solution File, Format Version 12.00
# Visual Studio Version 17
VisualStudioVersion = 17.10.35013.160
MinimumVisualStudioVersion = 10.0.40219.1
Project("{FAE04EC0-301F-11D3-BF4B-00C04F79EFBC}") = "Core", "Core\Core.csproj", "{9B6F5548-4758-445D-A588-B8B8B59B4C2C}"
EndProject
Project("{FAE04EC0-301F-11D3-BF4B-00C04F79EFBC}") = "Infra.Data", "Infra.Data\Infra.Data.csproj", "{9C7426EE-5529-4FB5-95DA-5BB1868EFAC6}"
EndProject
Project("{FAE04EC0-301F-11D3-BF4B-00C04F79EFBC}") = "UI.WinForms", "UI.WinForms\UI.WinForms.csproj", "{6B932AC8-2786-4E28-8CF4-83B18A936C3A}"
EndProject
Global
	GlobalSection(SolutionConfigurationPlatforms) = preSolution
		Debug|Any CPU = Debug|Any CPU
		Release|Any CPU = Release|Any CPU
	EndGlobalSection
	GlobalSection(ProjectConfigurationPlatforms) = postSolution
		{9B6F5548-4758-445D-A588-B8B8B59B4C2C}.Debug|Any CPU.ActiveCfg = Debug|Any CPU
		{9B6F5548-4758-445D-A588-B8B8B59B4C2C}.Debug|Any CPU.Build.0 = Debug|Any CPU
		{9B6F5548-4758-445D-A588-B8B8B59B4C2C}.Release|Any CPU.ActiveCfg = Release|Any CPU
		{9B6F5548-4758-445D-A588-B8B8B59B4C2C}.Release|Any CPU.Build.0 = Release|Any CPU
		{9C7426EE-5529-4FB5-95DA-5BB1868EFAC6}.Debug|Any CPU.ActiveCfg = Debug|Any CPU
		{9C7426EE-5529-4FB5-95DA-5BB1868EFAC6}.Debug|Any CPU.Build.0 = Debug|Any CPU
		{9C7426EE-5529-4FB5-95DA-5BB1868EFAC6}.Release|Any CPU.ActiveCfg = Release|Any CPU
		{9C7426EE-5529-4FB5-95DA-5BB1868EFAC6}.Release|Any CPU.Build.0 = Release|Any CPU
		{6B932AC8-2786-4E28-8CF4-83B18A936C3A}.Debug|Any CPU.ActiveCfg = Debug|Any CPU
		{6B932AC8-2786-4E28-8CF4-83B18A936C3A}.Debug|Any CPU.Build.0 = Debug|Any CPU
		{6B932AC8-2786-4E28-8CF4-83B18A936C3A}.Release|Any CPU.ActiveCfg = Release|Any CPU
		{6B932AC8-2786-4E28-8CF4-83B18A936C3A}.Release|Any CPU.Build.0 = Release|Any CPU
	EndGlobalSection
	GlobalSection(SolutionProperties) = preSolution
		HideSolutionNode = FALSE
	EndGlobalSection
	GlobalSection(ExtensibilityGlobals) = postSolution
		SolutionGuid = {E5412885-6702-4E51-B176-E50B07CA3D6D}
	EndGlobalSection
EndGlobal
